
Microsoft Visual Studio Solution File, Format Version 12.00
# Visual Studio 15
VisualStudioVersion = 15.0.28307.329
MinimumVisualStudioVersion = 10.0.40219.1
Project("{9A19103F-16F7-4668-BE54-9A1E7A4F7556}") = "ProcessFileService", "ProcessFileService\ProcessFileService.csproj", "{535F98DF-EA6A-432E-84C2-E8199344D6D0}"
EndProject
Project("{FAE04EC0-301F-11D3-BF4B-00C04F79EFBC}") = "Loadbalancer", "Loadbalancer\Loadbalancer.csproj", "{A7D8D76E-91B3-4A65-BDF5-02AC950B1B36}"
EndProject
Project("{9A19103F-16F7-4668-BE54-9A1E7A4F7556}") = "Client", "Client\Client.csproj", "{B172E855-293F-4191-B00F-FC4C870BD77F}"
EndProject
Project("{FAE04EC0-301F-11D3-BF4B-00C04F79EFBC}") = "DataSearchContain.Api", "DataSearchContain.Api\DataSearchContain.Api.csproj", "{BC5D2136-D24C-4F4F-9CB6-0513C718D603}"
EndProject
Project("{FAE04EC0-301F-11D3-BF4B-00C04F79EFBC}") = "DataSearchContain.UnitTest", "DataSearchContain.UnitTest\DataSearchContain.UnitTest.csproj", "{E6C552EC-B2DF-4D21-AE1D-22F9D33EE66A}"
EndProject
Project("{FAE04EC0-301F-11D3-BF4B-00C04F79EFBC}") = "DataSearchContain.Application", "DataSearchContain.Application\DataSearchContain.Application.csproj", "{16D5FBC5-16A6-4BA6-8D8E-C4302775B244}"
EndProject
Project("{FAE04EC0-301F-11D3-BF4B-00C04F79EFBC}") = "DataSearchContain.Infrastructure", "DataSearchContain.Infrastructure\DataSearchContain.Infrastructure.csproj", "{7FC1768C-439A-420C-884F-6CA50DEDCF40}"
EndProject
Project("{FAE04EC0-301F-11D3-BF4B-00C04F79EFBC}") = "DataSearchContain.Domain", "DataSearchContain.Domain\DataSearchContain.Domain.csproj", "{D6ED4F2A-F88C-4D64-B63B-1569B0546CAA}"
EndProject
Global
	GlobalSection(SolutionConfigurationPlatforms) = preSolution
		Debug|Any CPU = Debug|Any CPU
		Release|Any CPU = Release|Any CPU
	EndGlobalSection
	GlobalSection(ProjectConfigurationPlatforms) = postSolution
		{535F98DF-EA6A-432E-84C2-E8199344D6D0}.Debug|Any CPU.ActiveCfg = Debug|Any CPU
		{535F98DF-EA6A-432E-84C2-E8199344D6D0}.Debug|Any CPU.Build.0 = Debug|Any CPU
		{535F98DF-EA6A-432E-84C2-E8199344D6D0}.Release|Any CPU.ActiveCfg = Release|Any CPU
		{535F98DF-EA6A-432E-84C2-E8199344D6D0}.Release|Any CPU.Build.0 = Release|Any CPU
		{A7D8D76E-91B3-4A65-BDF5-02AC950B1B36}.Debug|Any CPU.ActiveCfg = Debug|Any CPU
		{A7D8D76E-91B3-4A65-BDF5-02AC950B1B36}.Debug|Any CPU.Build.0 = Debug|Any CPU
		{A7D8D76E-91B3-4A65-BDF5-02AC950B1B36}.Release|Any CPU.ActiveCfg = Release|Any CPU
		{A7D8D76E-91B3-4A65-BDF5-02AC950B1B36}.Release|Any CPU.Build.0 = Release|Any CPU
		{B172E855-293F-4191-B00F-FC4C870BD77F}.Debug|Any CPU.ActiveCfg = Debug|Any CPU
		{B172E855-293F-4191-B00F-FC4C870BD77F}.Debug|Any CPU.Build.0 = Debug|Any CPU
		{B172E855-293F-4191-B00F-FC4C870BD77F}.Release|Any CPU.ActiveCfg = Release|Any CPU
		{B172E855-293F-4191-B00F-FC4C870BD77F}.Release|Any CPU.Build.0 = Release|Any CPU
		{BC5D2136-D24C-4F4F-9CB6-0513C718D603}.Debug|Any CPU.ActiveCfg = Debug|Any CPU
		{BC5D2136-D24C-4F4F-9CB6-0513C718D603}.Debug|Any CPU.Build.0 = Debug|Any CPU
		{BC5D2136-D24C-4F4F-9CB6-0513C718D603}.Release|Any CPU.ActiveCfg = Release|Any CPU
		{BC5D2136-D24C-4F4F-9CB6-0513C718D603}.Release|Any CPU.Build.0 = Release|Any CPU
		{E6C552EC-B2DF-4D21-AE1D-22F9D33EE66A}.Debug|Any CPU.ActiveCfg = Debug|Any CPU
		{E6C552EC-B2DF-4D21-AE1D-22F9D33EE66A}.Debug|Any CPU.Build.0 = Debug|Any CPU
		{E6C552EC-B2DF-4D21-AE1D-22F9D33EE66A}.Release|Any CPU.ActiveCfg = Release|Any CPU
		{E6C552EC-B2DF-4D21-AE1D-22F9D33EE66A}.Release|Any CPU.Build.0 = Release|Any CPU
		{16D5FBC5-16A6-4BA6-8D8E-C4302775B244}.Debug|Any CPU.ActiveCfg = Debug|Any CPU
		{16D5FBC5-16A6-4BA6-8D8E-C4302775B244}.Debug|Any CPU.Build.0 = Debug|Any CPU
		{16D5FBC5-16A6-4BA6-8D8E-C4302775B244}.Release|Any CPU.ActiveCfg = Release|Any CPU
		{16D5FBC5-16A6-4BA6-8D8E-C4302775B244}.Release|Any CPU.Build.0 = Release|Any CPU
		{7FC1768C-439A-420C-884F-6CA50DEDCF40}.Debug|Any CPU.ActiveCfg = Debug|Any CPU
		{7FC1768C-439A-420C-884F-6CA50DEDCF40}.Debug|Any CPU.Build.0 = Debug|Any CPU
		{7FC1768C-439A-420C-884F-6CA50DEDCF40}.Release|Any CPU.ActiveCfg = Release|Any CPU
		{7FC1768C-439A-420C-884F-6CA50DEDCF40}.Release|Any CPU.Build.0 = Release|Any CPU
		{D6ED4F2A-F88C-4D64-B63B-1569B0546CAA}.Debug|Any CPU.ActiveCfg = Debug|Any CPU
		{D6ED4F2A-F88C-4D64-B63B-1569B0546CAA}.Debug|Any CPU.Build.0 = Debug|Any CPU
		{D6ED4F2A-F88C-4D64-B63B-1569B0546CAA}.Release|Any CPU.ActiveCfg = Release|Any CPU
		{D6ED4F2A-F88C-4D64-B63B-1569B0546CAA}.Release|Any CPU.Build.0 = Release|Any CPU
	EndGlobalSection
	GlobalSection(SolutionProperties) = preSolution
		HideSolutionNode = FALSE
	EndGlobalSection
	GlobalSection(ExtensibilityGlobals) = postSolution
		SolutionGuid = {0756BA10-ACF3-4E30-88B6-FFA5B9EA5EC4}
	EndGlobalSection
EndGlobal
